
Microsoft Visual Studio Solution File, Format Version 12.00
# Visual Studio Version 16
VisualStudioVersion = 16.0.30803.129
MinimumVisualStudioVersion = 10.0.40219.1
Project("{2150E333-8FDC-42A3-9474-1A3956D46DE8}") = "Product", "Product", "{26B30655-87DA-471F-8CE5-132B4281791F}"
EndProject
Project("{2150E333-8FDC-42A3-9474-1A3956D46DE8}") = "__", "__", "{CCCD3B2A-9EE2-41ED-A1DE-A40CD9AF4492}"
	ProjectSection(SolutionItems) = preProject
		.dockerignore = .dockerignore
		.editorconfig = .editorconfig
		.gitattributes = .gitattributes
		.gitignore = .gitignore
		global.json = global.json
		LICENSE = LICENSE
		nuget.config = nuget.config
		README.md = README.md
	EndProjectSection
EndProject
Project("{2150E333-8FDC-42A3-9474-1A3956D46DE8}") = "Setting", "Setting", "{EEA08CE8-4834-4D36-ADE0-24F5F471AF6A}"
EndProject
Project("{2150E333-8FDC-42A3-9474-1A3956D46DE8}") = "Customer", "Customer", "{5D18FF27-2948-433A-A40F-77C778A705C1}"
EndProject
Project("{2150E333-8FDC-42A3-9474-1A3956D46DE8}") = "Contracts", "Contracts", "{F3D299A7-37D1-4E6E-A5D9-98BFCD0F26BD}"
EndProject
Project("{2150E333-8FDC-42A3-9474-1A3956D46DE8}") = "Samples", "Samples", "{0CCD78FB-A1A0-4958-A70C-DC5E1C60BF33}"
EndProject
Project("{9A19103F-16F7-4668-BE54-9A1E7A4F7556}") = "N8T.Core", "src\N8T.Core\N8T.Core.csproj", "{3D14025F-699B-47BE-979E-8D7CCD66823A}"
EndProject
Project("{9A19103F-16F7-4668-BE54-9A1E7A4F7556}") = "N8T.Infrastructure", "src\N8T.Infrastructure\N8T.Infrastructure.csproj", "{ADD6877B-6925-41A4-B844-3D6DED7B1979}"
EndProject
Project("{9A19103F-16F7-4668-BE54-9A1E7A4F7556}") = "N8T.Infrastructure.EfCore", "src\N8T.Infrastructure.EfCore\N8T.Infrastructure.EfCore.csproj", "{8E7FB791-D807-47CC-83C2-4EA8BABE972F}"
EndProject
Project("{9A19103F-16F7-4668-BE54-9A1E7A4F7556}") = "N8T.Infrastructure.OTel", "src\N8T.Infrastructure.OTel\N8T.Infrastructure.OTel.csproj", "{29C07DD9-A626-4F47-8193-0B2835F8CE62}"
EndProject
Project("{9A19103F-16F7-4668-BE54-9A1E7A4F7556}") = "CoolStore.AppContracts", "samples\DataContracts\CoolStore.AppContracts\CoolStore.AppContracts.csproj", "{7A6697D1-7DD7-4F67-A3AE-A9621FCD8B4E}"
EndProject
Project("{9A19103F-16F7-4668-BE54-9A1E7A4F7556}") = "CoolStore.IntegrationEvents", "samples\DataContracts\CoolStore.IntegrationEvents\CoolStore.IntegrationEvents.csproj", "{4F5E8195-DD55-4635-977B-2354082C16ED}"
EndProject
Project("{9A19103F-16F7-4668-BE54-9A1E7A4F7556}") = "AppGateway", "samples\AppGateway\AppGateway.csproj", "{DA1C9C53-8A82-4AA3-8B0F-D4BB3BE79DB0}"
EndProject
Project("{9A19103F-16F7-4668-BE54-9A1E7A4F7556}") = "ProductService.Api", "samples\Product\ProductService.Api\ProductService.Api.csproj", "{71AA0BB2-9F37-415E-9B30-6C838726F4E7}"
EndProject
Project("{9A19103F-16F7-4668-BE54-9A1E7A4F7556}") = "ProductService.AppCore", "samples\Product\ProductService.AppCore\ProductService.AppCore.csproj", "{54C3243E-12A5-4508-A5FA-D8FA0C21EDAE}"
EndProject
Project("{9A19103F-16F7-4668-BE54-9A1E7A4F7556}") = "ProductService.Infrastructure", "samples\Product\ProductService.Infrastructure\ProductService.Infrastructure.csproj", "{3CE42713-1405-4DCA-BCCB-1B8CF7940BC8}"
EndProject
Project("{9A19103F-16F7-4668-BE54-9A1E7A4F7556}") = "SettingService.Api", "samples\Setting\SettingService.Api\SettingService.Api.csproj", "{3A36A208-3881-4603-9A5F-3E29399BC2FD}"
EndProject
Project("{9A19103F-16F7-4668-BE54-9A1E7A4F7556}") = "SettingService.AppCore", "samples\Setting\SettingService.AppCore\SettingService.AppCore.csproj", "{46311C64-D58D-4733-8EC1-C45C3BB6E307}"
EndProject
Project("{9A19103F-16F7-4668-BE54-9A1E7A4F7556}") = "SettingService.Infrastructure", "samples\Setting\SettingService.Infrastructure\SettingService.Infrastructure.csproj", "{12E717F1-D189-484C-88C7-51A2B16370AE}"
EndProject
Project("{9A19103F-16F7-4668-BE54-9A1E7A4F7556}") = "CustomerService.Api", "samples\Customer\CustomerService.Api\CustomerService.Api.csproj", "{C72D9A49-F5C0-4943-B3FF-718D2CF8C66F}"
EndProject
Project("{9A19103F-16F7-4668-BE54-9A1E7A4F7556}") = "CustomerService.AppCore", "samples\Customer\CustomerService.AppCore\CustomerService.AppCore.csproj", "{0A20D40F-DCF1-4D92-949B-501EDD76B423}"
EndProject
Project("{9A19103F-16F7-4668-BE54-9A1E7A4F7556}") = "CustomerService.Infrastructure", "samples\Customer\CustomerService.Infrastructure\CustomerService.Infrastructure.csproj", "{CB340967-C215-4864-8AB6-C966F9980E03}"
EndProject
Project("{2150E333-8FDC-42A3-9474-1A3956D46DE8}") = "WebBlazor", "WebBlazor", "{1BC686AA-19F9-438D-B065-2DF7F742ED66}"
EndProject
Project("{FAE04EC0-301F-11D3-BF4B-00C04F79EFBC}") = "IdentityServer", "samples\IdentityServer\IdentityServer.csproj", "{F1EB3422-3868-4256-932F-0374E912E4ED}"
EndProject
Project("{FAE04EC0-301F-11D3-BF4B-00C04F79EFBC}") = "Blazor.Client", "samples\WebBlazor\Client\Blazor.Client.csproj", "{EE5692BC-78F8-45DB-B1D6-2459937B658A}"
EndProject
Project("{FAE04EC0-301F-11D3-BF4B-00C04F79EFBC}") = "Blazor.Server", "samples\WebBlazor\Server\Blazor.Server.csproj", "{450032D6-68BB-4BB4-A58D-87F4330B68B4}"
EndProject
Global
	GlobalSection(SolutionConfigurationPlatforms) = preSolution
		Debug|Any CPU = Debug|Any CPU
		Release|Any CPU = Release|Any CPU
	EndGlobalSection
	GlobalSection(ProjectConfigurationPlatforms) = postSolution
		{3D14025F-699B-47BE-979E-8D7CCD66823A}.Debug|Any CPU.ActiveCfg = Debug|Any CPU
		{3D14025F-699B-47BE-979E-8D7CCD66823A}.Debug|Any CPU.Build.0 = Debug|Any CPU
		{3D14025F-699B-47BE-979E-8D7CCD66823A}.Release|Any CPU.ActiveCfg = Release|Any CPU
		{3D14025F-699B-47BE-979E-8D7CCD66823A}.Release|Any CPU.Build.0 = Release|Any CPU
		{ADD6877B-6925-41A4-B844-3D6DED7B1979}.Debug|Any CPU.ActiveCfg = Debug|Any CPU
		{ADD6877B-6925-41A4-B844-3D6DED7B1979}.Debug|Any CPU.Build.0 = Debug|Any CPU
		{ADD6877B-6925-41A4-B844-3D6DED7B1979}.Release|Any CPU.ActiveCfg = Release|Any CPU
		{ADD6877B-6925-41A4-B844-3D6DED7B1979}.Release|Any CPU.Build.0 = Release|Any CPU
		{8E7FB791-D807-47CC-83C2-4EA8BABE972F}.Debug|Any CPU.ActiveCfg = Debug|Any CPU
		{8E7FB791-D807-47CC-83C2-4EA8BABE972F}.Debug|Any CPU.Build.0 = Debug|Any CPU
		{8E7FB791-D807-47CC-83C2-4EA8BABE972F}.Release|Any CPU.ActiveCfg = Release|Any CPU
		{8E7FB791-D807-47CC-83C2-4EA8BABE972F}.Release|Any CPU.Build.0 = Release|Any CPU
		{29C07DD9-A626-4F47-8193-0B2835F8CE62}.Debug|Any CPU.ActiveCfg = Debug|Any CPU
		{29C07DD9-A626-4F47-8193-0B2835F8CE62}.Debug|Any CPU.Build.0 = Debug|Any CPU
		{29C07DD9-A626-4F47-8193-0B2835F8CE62}.Release|Any CPU.ActiveCfg = Release|Any CPU
		{29C07DD9-A626-4F47-8193-0B2835F8CE62}.Release|Any CPU.Build.0 = Release|Any CPU
		{7A6697D1-7DD7-4F67-A3AE-A9621FCD8B4E}.Debug|Any CPU.ActiveCfg = Debug|Any CPU
		{7A6697D1-7DD7-4F67-A3AE-A9621FCD8B4E}.Debug|Any CPU.Build.0 = Debug|Any CPU
		{7A6697D1-7DD7-4F67-A3AE-A9621FCD8B4E}.Release|Any CPU.ActiveCfg = Release|Any CPU
		{7A6697D1-7DD7-4F67-A3AE-A9621FCD8B4E}.Release|Any CPU.Build.0 = Release|Any CPU
		{4F5E8195-DD55-4635-977B-2354082C16ED}.Debug|Any CPU.ActiveCfg = Debug|Any CPU
		{4F5E8195-DD55-4635-977B-2354082C16ED}.Debug|Any CPU.Build.0 = Debug|Any CPU
		{4F5E8195-DD55-4635-977B-2354082C16ED}.Release|Any CPU.ActiveCfg = Release|Any CPU
		{4F5E8195-DD55-4635-977B-2354082C16ED}.Release|Any CPU.Build.0 = Release|Any CPU
		{DA1C9C53-8A82-4AA3-8B0F-D4BB3BE79DB0}.Debug|Any CPU.ActiveCfg = Debug|Any CPU
		{DA1C9C53-8A82-4AA3-8B0F-D4BB3BE79DB0}.Debug|Any CPU.Build.0 = Debug|Any CPU
		{DA1C9C53-8A82-4AA3-8B0F-D4BB3BE79DB0}.Release|Any CPU.ActiveCfg = Release|Any CPU
		{DA1C9C53-8A82-4AA3-8B0F-D4BB3BE79DB0}.Release|Any CPU.Build.0 = Release|Any CPU
		{71AA0BB2-9F37-415E-9B30-6C838726F4E7}.Debug|Any CPU.ActiveCfg = Debug|Any CPU
		{71AA0BB2-9F37-415E-9B30-6C838726F4E7}.Debug|Any CPU.Build.0 = Debug|Any CPU
		{71AA0BB2-9F37-415E-9B30-6C838726F4E7}.Release|Any CPU.ActiveCfg = Release|Any CPU
		{71AA0BB2-9F37-415E-9B30-6C838726F4E7}.Release|Any CPU.Build.0 = Release|Any CPU
		{54C3243E-12A5-4508-A5FA-D8FA0C21EDAE}.Debug|Any CPU.ActiveCfg = Debug|Any CPU
		{54C3243E-12A5-4508-A5FA-D8FA0C21EDAE}.Debug|Any CPU.Build.0 = Debug|Any CPU
		{54C3243E-12A5-4508-A5FA-D8FA0C21EDAE}.Release|Any CPU.ActiveCfg = Release|Any CPU
		{54C3243E-12A5-4508-A5FA-D8FA0C21EDAE}.Release|Any CPU.Build.0 = Release|Any CPU
		{3CE42713-1405-4DCA-BCCB-1B8CF7940BC8}.Debug|Any CPU.ActiveCfg = Debug|Any CPU
		{3CE42713-1405-4DCA-BCCB-1B8CF7940BC8}.Debug|Any CPU.Build.0 = Debug|Any CPU
		{3CE42713-1405-4DCA-BCCB-1B8CF7940BC8}.Release|Any CPU.ActiveCfg = Release|Any CPU
		{3CE42713-1405-4DCA-BCCB-1B8CF7940BC8}.Release|Any CPU.Build.0 = Release|Any CPU
		{3A36A208-3881-4603-9A5F-3E29399BC2FD}.Debug|Any CPU.ActiveCfg = Debug|Any CPU
		{3A36A208-3881-4603-9A5F-3E29399BC2FD}.Debug|Any CPU.Build.0 = Debug|Any CPU
		{3A36A208-3881-4603-9A5F-3E29399BC2FD}.Release|Any CPU.ActiveCfg = Release|Any CPU
		{3A36A208-3881-4603-9A5F-3E29399BC2FD}.Release|Any CPU.Build.0 = Release|Any CPU
		{46311C64-D58D-4733-8EC1-C45C3BB6E307}.Debug|Any CPU.ActiveCfg = Debug|Any CPU
		{46311C64-D58D-4733-8EC1-C45C3BB6E307}.Debug|Any CPU.Build.0 = Debug|Any CPU
		{46311C64-D58D-4733-8EC1-C45C3BB6E307}.Release|Any CPU.ActiveCfg = Release|Any CPU
		{46311C64-D58D-4733-8EC1-C45C3BB6E307}.Release|Any CPU.Build.0 = Release|Any CPU
		{12E717F1-D189-484C-88C7-51A2B16370AE}.Debug|Any CPU.ActiveCfg = Debug|Any CPU
		{12E717F1-D189-484C-88C7-51A2B16370AE}.Debug|Any CPU.Build.0 = Debug|Any CPU
		{12E717F1-D189-484C-88C7-51A2B16370AE}.Release|Any CPU.ActiveCfg = Release|Any CPU
		{12E717F1-D189-484C-88C7-51A2B16370AE}.Release|Any CPU.Build.0 = Release|Any CPU
		{C72D9A49-F5C0-4943-B3FF-718D2CF8C66F}.Debug|Any CPU.ActiveCfg = Debug|Any CPU
		{C72D9A49-F5C0-4943-B3FF-718D2CF8C66F}.Debug|Any CPU.Build.0 = Debug|Any CPU
		{C72D9A49-F5C0-4943-B3FF-718D2CF8C66F}.Release|Any CPU.ActiveCfg = Release|Any CPU
		{C72D9A49-F5C0-4943-B3FF-718D2CF8C66F}.Release|Any CPU.Build.0 = Release|Any CPU
		{0A20D40F-DCF1-4D92-949B-501EDD76B423}.Debug|Any CPU.ActiveCfg = Debug|Any CPU
		{0A20D40F-DCF1-4D92-949B-501EDD76B423}.Debug|Any CPU.Build.0 = Debug|Any CPU
		{0A20D40F-DCF1-4D92-949B-501EDD76B423}.Release|Any CPU.ActiveCfg = Release|Any CPU
		{0A20D40F-DCF1-4D92-949B-501EDD76B423}.Release|Any CPU.Build.0 = Release|Any CPU
		{CB340967-C215-4864-8AB6-C966F9980E03}.Debug|Any CPU.ActiveCfg = Debug|Any CPU
		{CB340967-C215-4864-8AB6-C966F9980E03}.Debug|Any CPU.Build.0 = Debug|Any CPU
		{CB340967-C215-4864-8AB6-C966F9980E03}.Release|Any CPU.ActiveCfg = Release|Any CPU
		{CB340967-C215-4864-8AB6-C966F9980E03}.Release|Any CPU.Build.0 = Release|Any CPU
		{F1EB3422-3868-4256-932F-0374E912E4ED}.Debug|Any CPU.ActiveCfg = Debug|Any CPU
		{F1EB3422-3868-4256-932F-0374E912E4ED}.Debug|Any CPU.Build.0 = Debug|Any CPU
		{F1EB3422-3868-4256-932F-0374E912E4ED}.Release|Any CPU.ActiveCfg = Release|Any CPU
		{F1EB3422-3868-4256-932F-0374E912E4ED}.Release|Any CPU.Build.0 = Release|Any CPU
		{EE5692BC-78F8-45DB-B1D6-2459937B658A}.Debug|Any CPU.ActiveCfg = Debug|Any CPU
		{EE5692BC-78F8-45DB-B1D6-2459937B658A}.Debug|Any CPU.Build.0 = Debug|Any CPU
		{EE5692BC-78F8-45DB-B1D6-2459937B658A}.Release|Any CPU.ActiveCfg = Release|Any CPU
		{EE5692BC-78F8-45DB-B1D6-2459937B658A}.Release|Any CPU.Build.0 = Release|Any CPU
		{450032D6-68BB-4BB4-A58D-87F4330B68B4}.Debug|Any CPU.ActiveCfg = Debug|Any CPU
		{450032D6-68BB-4BB4-A58D-87F4330B68B4}.Debug|Any CPU.Build.0 = Debug|Any CPU
		{450032D6-68BB-4BB4-A58D-87F4330B68B4}.Release|Any CPU.ActiveCfg = Release|Any CPU
		{450032D6-68BB-4BB4-A58D-87F4330B68B4}.Release|Any CPU.Build.0 = Release|Any CPU
	EndGlobalSection
	GlobalSection(SolutionProperties) = preSolution
		HideSolutionNode = FALSE
	EndGlobalSection
	GlobalSection(NestedProjects) = preSolution
		{26B30655-87DA-471F-8CE5-132B4281791F} = {0CCD78FB-A1A0-4958-A70C-DC5E1C60BF33}
		{EEA08CE8-4834-4D36-ADE0-24F5F471AF6A} = {0CCD78FB-A1A0-4958-A70C-DC5E1C60BF33}
		{5D18FF27-2948-433A-A40F-77C778A705C1} = {0CCD78FB-A1A0-4958-A70C-DC5E1C60BF33}
		{F3D299A7-37D1-4E6E-A5D9-98BFCD0F26BD} = {0CCD78FB-A1A0-4958-A70C-DC5E1C60BF33}
		{7A6697D1-7DD7-4F67-A3AE-A9621FCD8B4E} = {F3D299A7-37D1-4E6E-A5D9-98BFCD0F26BD}
		{4F5E8195-DD55-4635-977B-2354082C16ED} = {F3D299A7-37D1-4E6E-A5D9-98BFCD0F26BD}
		{DA1C9C53-8A82-4AA3-8B0F-D4BB3BE79DB0} = {0CCD78FB-A1A0-4958-A70C-DC5E1C60BF33}
		{71AA0BB2-9F37-415E-9B30-6C838726F4E7} = {26B30655-87DA-471F-8CE5-132B4281791F}
		{54C3243E-12A5-4508-A5FA-D8FA0C21EDAE} = {26B30655-87DA-471F-8CE5-132B4281791F}
		{3CE42713-1405-4DCA-BCCB-1B8CF7940BC8} = {26B30655-87DA-471F-8CE5-132B4281791F}
		{3A36A208-3881-4603-9A5F-3E29399BC2FD} = {EEA08CE8-4834-4D36-ADE0-24F5F471AF6A}
		{46311C64-D58D-4733-8EC1-C45C3BB6E307} = {EEA08CE8-4834-4D36-ADE0-24F5F471AF6A}
		{12E717F1-D189-484C-88C7-51A2B16370AE} = {EEA08CE8-4834-4D36-ADE0-24F5F471AF6A}
		{C72D9A49-F5C0-4943-B3FF-718D2CF8C66F} = {5D18FF27-2948-433A-A40F-77C778A705C1}
		{0A20D40F-DCF1-4D92-949B-501EDD76B423} = {5D18FF27-2948-433A-A40F-77C778A705C1}
		{CB340967-C215-4864-8AB6-C966F9980E03} = {5D18FF27-2948-433A-A40F-77C778A705C1}
		{1BC686AA-19F9-438D-B065-2DF7F742ED66} = {0CCD78FB-A1A0-4958-A70C-DC5E1C60BF33}
		{F1EB3422-3868-4256-932F-0374E912E4ED} = {0CCD78FB-A1A0-4958-A70C-DC5E1C60BF33}
		{EE5692BC-78F8-45DB-B1D6-2459937B658A} = {1BC686AA-19F9-438D-B065-2DF7F742ED66}
		{450032D6-68BB-4BB4-A58D-87F4330B68B4} = {1BC686AA-19F9-438D-B065-2DF7F742ED66}
	EndGlobalSection
	GlobalSection(ExtensibilityGlobals) = postSolution
		SolutionGuid = {7B983152-0931-4714-9EDE-BD7DE35C758E}
	EndGlobalSection
EndGlobal
