
Microsoft Visual Studio Solution File, Format Version 12.00
# Visual Studio Version 16
VisualStudioVersion = 16.0.30803.129
MinimumVisualStudioVersion = 10.0.40219.1
Project("{2150E333-8FDC-42A3-9474-1A3956D46DE8}") = "Product", "Product", "{26B30655-87DA-471F-8CE5-132B4281791F}"
EndProject
Project("{2150E333-8FDC-42A3-9474-1A3956D46DE8}") = "__", "__", "{CCCD3B2A-9EE2-41ED-A1DE-A40CD9AF4492}"
	ProjectSection(SolutionItems) = preProject
		.dockerignore = .dockerignore
		.editorconfig = .editorconfig
		.gitattributes = .gitattributes
		.gitignore = .gitignore
		__global.json = __global.json
		LICENSE = LICENSE
		nuget.config = nuget.config
		README.md = README.md
		tye.yaml = tye.yaml
	EndProjectSection
EndProject
Project("{2150E333-8FDC-42A3-9474-1A3956D46DE8}") = "_BuildingBlocks", "_BuildingBlocks", "{B17CF9E5-E4A8-42B4-A669-7BC41D314D5F}"
EndProject
Project("{9A19103F-16F7-4668-BE54-9A1E7A4F7556}") = "ProductService.Core", "src\Product\ProductService.Core\ProductService.Core.csproj", "{5D51CCDB-A06D-4201-AC53-D2279CDF2DCA}"
EndProject
Project("{9A19103F-16F7-4668-BE54-9A1E7A4F7556}") = "ProductService.Infrastructure", "src\Product\ProductService.Infrastructure\ProductService.Infrastructure.csproj", "{73BD59B3-DB37-4501-A742-8F4D286DF795}"
EndProject
Project("{9A19103F-16F7-4668-BE54-9A1E7A4F7556}") = "ProductService.Application", "src\Product\ProductService.Application\ProductService.Application.csproj", "{C4F658E6-EE63-4378-94B6-7E18D02E51F2}"
EndProject
Project("{2150E333-8FDC-42A3-9474-1A3956D46DE8}") = "Setting", "Setting", "{EEA08CE8-4834-4D36-ADE0-24F5F471AF6A}"
EndProject
Project("{9A19103F-16F7-4668-BE54-9A1E7A4F7556}") = "SettingService.Core", "src\Setting\SettingService.Core\SettingService.Core.csproj", "{340E9BEE-1CE0-43EE-A33B-0C039D7FCE5B}"
EndProject
Project("{9A19103F-16F7-4668-BE54-9A1E7A4F7556}") = "SettingService.Infrastructure", "src\Setting\SettingService.Infrastructure\SettingService.Infrastructure.csproj", "{2561F40E-103B-4E80-B057-91D7AD44E3D9}"
EndProject
Project("{9A19103F-16F7-4668-BE54-9A1E7A4F7556}") = "SettingService.Application", "src\Setting\SettingService.Application\SettingService.Application.csproj", "{A9F94E23-850D-4750-94C1-9C26B25A3DED}"
EndProject
Project("{2150E333-8FDC-42A3-9474-1A3956D46DE8}") = "Customer", "Customer", "{5D18FF27-2948-433A-A40F-77C778A705C1}"
EndProject
Project("{9A19103F-16F7-4668-BE54-9A1E7A4F7556}") = "CustomerService.Core", "src\Customer\CustomerService.Core\CustomerService.Core.csproj", "{C2531C6A-185A-4120-B098-946855684626}"
EndProject
Project("{9A19103F-16F7-4668-BE54-9A1E7A4F7556}") = "CustomerService.Infrastructure", "src\Customer\CustomerService.Infrastructure\CustomerService.Infrastructure.csproj", "{A26F7B4F-F725-4018-954A-C3D7925C2A30}"
EndProject
Project("{9A19103F-16F7-4668-BE54-9A1E7A4F7556}") = "CustomerService.Application", "src\Customer\CustomerService.Application\CustomerService.Application.csproj", "{4F623591-01CB-4CCE-9BDD-9B0CBC6D8F8E}"
EndProject
Project("{2150E333-8FDC-42A3-9474-1A3956D46DE8}") = "Gateways", "Gateways", "{4DE0371F-85C0-4CC2-8457-08EB3F3F0A4D}"
EndProject
Project("{9A19103F-16F7-4668-BE54-9A1E7A4F7556}") = "AppGateway", "src\Gateways\AppGateway\AppGateway.csproj", "{8CFC9025-2F85-4196-9AE7-74FE68AB79A4}"
EndProject
Project("{9A19103F-16F7-4668-BE54-9A1E7A4F7556}") = "N8T.Core", "src\_BuildingBlocks\N8T.Core\N8T.Core.csproj", "{A4BC6990-4A28-42B6-8116-AD23494FF029}"
EndProject
Project("{9A19103F-16F7-4668-BE54-9A1E7A4F7556}") = "N8T.Infrastructure", "src\_BuildingBlocks\N8T.Infrastructure\N8T.Infrastructure.csproj", "{8CFAE86B-8A27-4AB0-9325-2BB6AEDB6255}"
EndProject
Project("{9A19103F-16F7-4668-BE54-9A1E7A4F7556}") = "N8T.Infrastructure.EfCore", "src\_BuildingBlocks\N8T.Infrastructure.EfCore\N8T.Infrastructure.EfCore.csproj", "{93583919-4727-47C7-919C-5D71CC9725DA}"
EndProject
Project("{9A19103F-16F7-4668-BE54-9A1E7A4F7556}") = "N8T.Infrastructure.OTel", "src\_BuildingBlocks\N8T.Infrastructure.OTel\N8T.Infrastructure.OTel.csproj", "{07DB950A-E528-49A7-8B11-62E7C5DCF4DD}"
EndProject
Project("{2150E333-8FDC-42A3-9474-1A3956D46DE8}") = "_DataContracts", "_DataContracts", "{F3D299A7-37D1-4E6E-A5D9-98BFCD0F26BD}"
EndProject
Project("{9A19103F-16F7-4668-BE54-9A1E7A4F7556}") = "CoolStore.AppContracts", "src\_DataContracts\CoolStore.AppContracts\CoolStore.AppContracts.csproj", "{1222FDA8-F479-4EE2-A3F3-69A4A2ABFF7A}"
EndProject
Project("{9A19103F-16F7-4668-BE54-9A1E7A4F7556}") = "CoolStore.IntegrationEvents", "src\_DataContracts\CoolStore.IntegrationEvents\CoolStore.IntegrationEvents.csproj", "{7E952022-F814-408A-BBC3-BC4CF51704DD}"
EndProject
Global
	GlobalSection(SolutionConfigurationPlatforms) = preSolution
		Debug|Any CPU = Debug|Any CPU
		Release|Any CPU = Release|Any CPU
	EndGlobalSection
	GlobalSection(ProjectConfigurationPlatforms) = postSolution
		{5D51CCDB-A06D-4201-AC53-D2279CDF2DCA}.Debug|Any CPU.ActiveCfg = Debug|Any CPU
		{5D51CCDB-A06D-4201-AC53-D2279CDF2DCA}.Debug|Any CPU.Build.0 = Debug|Any CPU
		{5D51CCDB-A06D-4201-AC53-D2279CDF2DCA}.Release|Any CPU.ActiveCfg = Release|Any CPU
		{5D51CCDB-A06D-4201-AC53-D2279CDF2DCA}.Release|Any CPU.Build.0 = Release|Any CPU
		{73BD59B3-DB37-4501-A742-8F4D286DF795}.Debug|Any CPU.ActiveCfg = Debug|Any CPU
		{73BD59B3-DB37-4501-A742-8F4D286DF795}.Debug|Any CPU.Build.0 = Debug|Any CPU
		{73BD59B3-DB37-4501-A742-8F4D286DF795}.Release|Any CPU.ActiveCfg = Release|Any CPU
		{73BD59B3-DB37-4501-A742-8F4D286DF795}.Release|Any CPU.Build.0 = Release|Any CPU
		{C4F658E6-EE63-4378-94B6-7E18D02E51F2}.Debug|Any CPU.ActiveCfg = Debug|Any CPU
		{C4F658E6-EE63-4378-94B6-7E18D02E51F2}.Debug|Any CPU.Build.0 = Debug|Any CPU
		{C4F658E6-EE63-4378-94B6-7E18D02E51F2}.Release|Any CPU.ActiveCfg = Release|Any CPU
		{C4F658E6-EE63-4378-94B6-7E18D02E51F2}.Release|Any CPU.Build.0 = Release|Any CPU
		{340E9BEE-1CE0-43EE-A33B-0C039D7FCE5B}.Debug|Any CPU.ActiveCfg = Debug|Any CPU
		{340E9BEE-1CE0-43EE-A33B-0C039D7FCE5B}.Debug|Any CPU.Build.0 = Debug|Any CPU
		{340E9BEE-1CE0-43EE-A33B-0C039D7FCE5B}.Release|Any CPU.ActiveCfg = Release|Any CPU
		{340E9BEE-1CE0-43EE-A33B-0C039D7FCE5B}.Release|Any CPU.Build.0 = Release|Any CPU
		{2561F40E-103B-4E80-B057-91D7AD44E3D9}.Debug|Any CPU.ActiveCfg = Debug|Any CPU
		{2561F40E-103B-4E80-B057-91D7AD44E3D9}.Debug|Any CPU.Build.0 = Debug|Any CPU
		{2561F40E-103B-4E80-B057-91D7AD44E3D9}.Release|Any CPU.ActiveCfg = Release|Any CPU
		{2561F40E-103B-4E80-B057-91D7AD44E3D9}.Release|Any CPU.Build.0 = Release|Any CPU
		{A9F94E23-850D-4750-94C1-9C26B25A3DED}.Debug|Any CPU.ActiveCfg = Debug|Any CPU
		{A9F94E23-850D-4750-94C1-9C26B25A3DED}.Debug|Any CPU.Build.0 = Debug|Any CPU
		{A9F94E23-850D-4750-94C1-9C26B25A3DED}.Release|Any CPU.ActiveCfg = Release|Any CPU
		{A9F94E23-850D-4750-94C1-9C26B25A3DED}.Release|Any CPU.Build.0 = Release|Any CPU
		{C2531C6A-185A-4120-B098-946855684626}.Debug|Any CPU.ActiveCfg = Debug|Any CPU
		{C2531C6A-185A-4120-B098-946855684626}.Debug|Any CPU.Build.0 = Debug|Any CPU
		{C2531C6A-185A-4120-B098-946855684626}.Release|Any CPU.ActiveCfg = Release|Any CPU
		{C2531C6A-185A-4120-B098-946855684626}.Release|Any CPU.Build.0 = Release|Any CPU
		{A26F7B4F-F725-4018-954A-C3D7925C2A30}.Debug|Any CPU.ActiveCfg = Debug|Any CPU
		{A26F7B4F-F725-4018-954A-C3D7925C2A30}.Debug|Any CPU.Build.0 = Debug|Any CPU
		{A26F7B4F-F725-4018-954A-C3D7925C2A30}.Release|Any CPU.ActiveCfg = Release|Any CPU
		{A26F7B4F-F725-4018-954A-C3D7925C2A30}.Release|Any CPU.Build.0 = Release|Any CPU
		{4F623591-01CB-4CCE-9BDD-9B0CBC6D8F8E}.Debug|Any CPU.ActiveCfg = Debug|Any CPU
		{4F623591-01CB-4CCE-9BDD-9B0CBC6D8F8E}.Debug|Any CPU.Build.0 = Debug|Any CPU
		{4F623591-01CB-4CCE-9BDD-9B0CBC6D8F8E}.Release|Any CPU.ActiveCfg = Release|Any CPU
		{4F623591-01CB-4CCE-9BDD-9B0CBC6D8F8E}.Release|Any CPU.Build.0 = Release|Any CPU
		{8CFC9025-2F85-4196-9AE7-74FE68AB79A4}.Debug|Any CPU.ActiveCfg = Debug|Any CPU
		{8CFC9025-2F85-4196-9AE7-74FE68AB79A4}.Debug|Any CPU.Build.0 = Debug|Any CPU
		{8CFC9025-2F85-4196-9AE7-74FE68AB79A4}.Release|Any CPU.ActiveCfg = Release|Any CPU
		{8CFC9025-2F85-4196-9AE7-74FE68AB79A4}.Release|Any CPU.Build.0 = Release|Any CPU
		{A4BC6990-4A28-42B6-8116-AD23494FF029}.Debug|Any CPU.ActiveCfg = Debug|Any CPU
		{A4BC6990-4A28-42B6-8116-AD23494FF029}.Debug|Any CPU.Build.0 = Debug|Any CPU
		{A4BC6990-4A28-42B6-8116-AD23494FF029}.Release|Any CPU.ActiveCfg = Release|Any CPU
		{A4BC6990-4A28-42B6-8116-AD23494FF029}.Release|Any CPU.Build.0 = Release|Any CPU
		{8CFAE86B-8A27-4AB0-9325-2BB6AEDB6255}.Debug|Any CPU.ActiveCfg = Debug|Any CPU
		{8CFAE86B-8A27-4AB0-9325-2BB6AEDB6255}.Debug|Any CPU.Build.0 = Debug|Any CPU
		{8CFAE86B-8A27-4AB0-9325-2BB6AEDB6255}.Release|Any CPU.ActiveCfg = Release|Any CPU
		{8CFAE86B-8A27-4AB0-9325-2BB6AEDB6255}.Release|Any CPU.Build.0 = Release|Any CPU
		{93583919-4727-47C7-919C-5D71CC9725DA}.Debug|Any CPU.ActiveCfg = Debug|Any CPU
		{93583919-4727-47C7-919C-5D71CC9725DA}.Debug|Any CPU.Build.0 = Debug|Any CPU
		{93583919-4727-47C7-919C-5D71CC9725DA}.Release|Any CPU.ActiveCfg = Release|Any CPU
		{93583919-4727-47C7-919C-5D71CC9725DA}.Release|Any CPU.Build.0 = Release|Any CPU
		{07DB950A-E528-49A7-8B11-62E7C5DCF4DD}.Debug|Any CPU.ActiveCfg = Debug|Any CPU
		{07DB950A-E528-49A7-8B11-62E7C5DCF4DD}.Debug|Any CPU.Build.0 = Debug|Any CPU
		{07DB950A-E528-49A7-8B11-62E7C5DCF4DD}.Release|Any CPU.ActiveCfg = Release|Any CPU
		{07DB950A-E528-49A7-8B11-62E7C5DCF4DD}.Release|Any CPU.Build.0 = Release|Any CPU
		{1222FDA8-F479-4EE2-A3F3-69A4A2ABFF7A}.Debug|Any CPU.ActiveCfg = Debug|Any CPU
		{1222FDA8-F479-4EE2-A3F3-69A4A2ABFF7A}.Debug|Any CPU.Build.0 = Debug|Any CPU
		{1222FDA8-F479-4EE2-A3F3-69A4A2ABFF7A}.Release|Any CPU.ActiveCfg = Release|Any CPU
		{1222FDA8-F479-4EE2-A3F3-69A4A2ABFF7A}.Release|Any CPU.Build.0 = Release|Any CPU
		{7E952022-F814-408A-BBC3-BC4CF51704DD}.Debug|Any CPU.ActiveCfg = Debug|Any CPU
		{7E952022-F814-408A-BBC3-BC4CF51704DD}.Debug|Any CPU.Build.0 = Debug|Any CPU
		{7E952022-F814-408A-BBC3-BC4CF51704DD}.Release|Any CPU.ActiveCfg = Release|Any CPU
		{7E952022-F814-408A-BBC3-BC4CF51704DD}.Release|Any CPU.Build.0 = Release|Any CPU
	EndGlobalSection
	GlobalSection(SolutionProperties) = preSolution
		HideSolutionNode = FALSE
	EndGlobalSection
	GlobalSection(NestedProjects) = preSolution
		{5D51CCDB-A06D-4201-AC53-D2279CDF2DCA} = {26B30655-87DA-471F-8CE5-132B4281791F}
		{73BD59B3-DB37-4501-A742-8F4D286DF795} = {26B30655-87DA-471F-8CE5-132B4281791F}
		{C4F658E6-EE63-4378-94B6-7E18D02E51F2} = {26B30655-87DA-471F-8CE5-132B4281791F}
		{340E9BEE-1CE0-43EE-A33B-0C039D7FCE5B} = {EEA08CE8-4834-4D36-ADE0-24F5F471AF6A}
		{2561F40E-103B-4E80-B057-91D7AD44E3D9} = {EEA08CE8-4834-4D36-ADE0-24F5F471AF6A}
		{A9F94E23-850D-4750-94C1-9C26B25A3DED} = {EEA08CE8-4834-4D36-ADE0-24F5F471AF6A}
		{C2531C6A-185A-4120-B098-946855684626} = {5D18FF27-2948-433A-A40F-77C778A705C1}
		{A26F7B4F-F725-4018-954A-C3D7925C2A30} = {5D18FF27-2948-433A-A40F-77C778A705C1}
		{4F623591-01CB-4CCE-9BDD-9B0CBC6D8F8E} = {5D18FF27-2948-433A-A40F-77C778A705C1}
		{8CFC9025-2F85-4196-9AE7-74FE68AB79A4} = {4DE0371F-85C0-4CC2-8457-08EB3F3F0A4D}
		{A4BC6990-4A28-42B6-8116-AD23494FF029} = {B17CF9E5-E4A8-42B4-A669-7BC41D314D5F}
		{8CFAE86B-8A27-4AB0-9325-2BB6AEDB6255} = {B17CF9E5-E4A8-42B4-A669-7BC41D314D5F}
		{93583919-4727-47C7-919C-5D71CC9725DA} = {B17CF9E5-E4A8-42B4-A669-7BC41D314D5F}
		{07DB950A-E528-49A7-8B11-62E7C5DCF4DD} = {B17CF9E5-E4A8-42B4-A669-7BC41D314D5F}
		{1222FDA8-F479-4EE2-A3F3-69A4A2ABFF7A} = {F3D299A7-37D1-4E6E-A5D9-98BFCD0F26BD}
		{7E952022-F814-408A-BBC3-BC4CF51704DD} = {F3D299A7-37D1-4E6E-A5D9-98BFCD0F26BD}
	EndGlobalSection
	GlobalSection(ExtensibilityGlobals) = postSolution
		SolutionGuid = {7B983152-0931-4714-9EDE-BD7DE35C758E}
	EndGlobalSection
EndGlobal
